
Microsoft Visual Studio Solution File, Format Version 12.00
# Visual Studio Version 17
VisualStudioVersion = 17.5.33502.453
MinimumVisualStudioVersion = 10.0.40219.1
Project("{8BC9CEB8-8B4A-11D0-8D11-00A0C91BC942}") = "cpp", "cpp\cpp.vcxproj", "{B36D2A8D-B670-4050-B395-049E65B17A54}"
EndProject
Project("{8BC9CEB8-8B4A-11D0-8D11-00A0C91BC942}") = "cpp1", "cpp1\cpp1.vcxproj", "{D46D2372-F55E-4B22-BDF7-3E1C6B0A2AD8}"
EndProject
Project("{8BC9CEB8-8B4A-11D0-8D11-00A0C91BC942}") = "inheritance", "inheritance\inheritance.vcxproj", "{AF7115B9-00BE-4458-B93F-37865048F288}"
EndProject
Global
	GlobalSection(SolutionConfigurationPlatforms) = preSolution
		Debug|x64 = Debug|x64
		Debug|x86 = Debug|x86
		Release|x64 = Release|x64
		Release|x86 = Release|x86
	EndGlobalSection
	GlobalSection(ProjectConfigurationPlatforms) = postSolution
		{B36D2A8D-B670-4050-B395-049E65B17A54}.Debug|x64.ActiveCfg = Debug|x64
		{B36D2A8D-B670-4050-B395-049E65B17A54}.Debug|x64.Build.0 = Debug|x64
		{B36D2A8D-B670-4050-B395-049E65B17A54}.Debug|x86.ActiveCfg = Debug|Win32
		{B36D2A8D-B670-4050-B395-049E65B17A54}.Debug|x86.Build.0 = Debug|Win32
		{B36D2A8D-B670-4050-B395-049E65B17A54}.Release|x64.ActiveCfg = Release|x64
		{B36D2A8D-B670-4050-B395-049E65B17A54}.Release|x64.Build.0 = Release|x64
		{B36D2A8D-B670-4050-B395-049E65B17A54}.Release|x86.ActiveCfg = Release|Win32
		{B36D2A8D-B670-4050-B395-049E65B17A54}.Release|x86.Build.0 = Release|Win32
		{D46D2372-F55E-4B22-BDF7-3E1C6B0A2AD8}.Debug|x64.ActiveCfg = Debug|x64
		{D46D2372-F55E-4B22-BDF7-3E1C6B0A2AD8}.Debug|x64.Build.0 = Debug|x64
		{D46D2372-F55E-4B22-BDF7-3E1C6B0A2AD8}.Debug|x86.ActiveCfg = Debug|Win32
		{D46D2372-F55E-4B22-BDF7-3E1C6B0A2AD8}.Debug|x86.Build.0 = Debug|Win32
		{D46D2372-F55E-4B22-BDF7-3E1C6B0A2AD8}.Release|x64.ActiveCfg = Release|x64
		{D46D2372-F55E-4B22-BDF7-3E1C6B0A2AD8}.Release|x64.Build.0 = Release|x64
		{D46D2372-F55E-4B22-BDF7-3E1C6B0A2AD8}.Release|x86.ActiveCfg = Release|Win32
		{D46D2372-F55E-4B22-BDF7-3E1C6B0A2AD8}.Release|x86.Build.0 = Release|Win32
		{AF7115B9-00BE-4458-B93F-37865048F288}.Debug|x64.ActiveCfg = Debug|x64
		{AF7115B9-00BE-4458-B93F-37865048F288}.Debug|x64.Build.0 = Debug|x64
		{AF7115B9-00BE-4458-B93F-37865048F288}.Debug|x86.ActiveCfg = Debug|Win32
		{AF7115B9-00BE-4458-B93F-37865048F288}.Debug|x86.Build.0 = Debug|Win32
		{AF7115B9-00BE-4458-B93F-37865048F288}.Release|x64.ActiveCfg = Release|x64
		{AF7115B9-00BE-4458-B93F-37865048F288}.Release|x64.Build.0 = Release|x64
		{AF7115B9-00BE-4458-B93F-37865048F288}.Release|x86.ActiveCfg = Release|Win32
		{AF7115B9-00BE-4458-B93F-37865048F288}.Release|x86.Build.0 = Release|Win32
	EndGlobalSection
	GlobalSection(SolutionProperties) = preSolution
		HideSolutionNode = FALSE
	EndGlobalSection
	GlobalSection(ExtensibilityGlobals) = postSolution
		SolutionGuid = {1B390B0C-6558-425B-9B89-190FDF5C4E88}
	EndGlobalSection
EndGlobal
